
Microsoft Visual Studio Solution File, Format Version 12.00
# Visual Studio Version 17
VisualStudioVersion = 17.11.35327.3
MinimumVisualStudioVersion = 10.0.40219.1
Project("{FAE04EC0-301F-11D3-BF4B-00C04F79EFBC}") = "ECG.Server", "ECG.Server\ECG.Server.csproj", "{DF151274-663A-4996-8B7B-37C178E90EF3}"
EndProject
Project("{54A90642-561A-4BB1-A94E-469ADEE60C69}") = "ecg.client", "ecg.client\ecg.client.esproj", "{22161647-9D3F-4265-82DB-0C36A22EC7C8}"
EndProject
Global
	GlobalSection(SolutionConfigurationPlatforms) = preSolution
		Debug|Any CPU = Debug|Any CPU
		Release|Any CPU = Release|Any CPU
	EndGlobalSection
	GlobalSection(ProjectConfigurationPlatforms) = postSolution
		{DF151274-663A-4996-8B7B-37C178E90EF3}.Debug|Any CPU.ActiveCfg = Debug|Any CPU
		{DF151274-663A-4996-8B7B-37C178E90EF3}.Debug|Any CPU.Build.0 = Debug|Any CPU
		{DF151274-663A-4996-8B7B-37C178E90EF3}.Release|Any CPU.ActiveCfg = Release|Any CPU
		{DF151274-663A-4996-8B7B-37C178E90EF3}.Release|Any CPU.Build.0 = Release|Any CPU
		{22161647-9D3F-4265-82DB-0C36A22EC7C8}.Debug|Any CPU.ActiveCfg = Debug|Any CPU
		{22161647-9D3F-4265-82DB-0C36A22EC7C8}.Debug|Any CPU.Build.0 = Debug|Any CPU
		{22161647-9D3F-4265-82DB-0C36A22EC7C8}.Debug|Any CPU.Deploy.0 = Debug|Any CPU
		{22161647-9D3F-4265-82DB-0C36A22EC7C8}.Release|Any CPU.ActiveCfg = Release|Any CPU
		{22161647-9D3F-4265-82DB-0C36A22EC7C8}.Release|Any CPU.Build.0 = Release|Any CPU
		{22161647-9D3F-4265-82DB-0C36A22EC7C8}.Release|Any CPU.Deploy.0 = Release|Any CPU
	EndGlobalSection
	GlobalSection(SolutionProperties) = preSolution
		HideSolutionNode = FALSE
	EndGlobalSection
	GlobalSection(ExtensibilityGlobals) = postSolution
		SolutionGuid = {E8A68E36-BC68-45D2-9A87-E988D0178953}
	EndGlobalSection
EndGlobal
